
Microsoft Visual Studio Solution File, Format Version 12.00
# Visual Studio Version 17
VisualStudioVersion = 17.14.36804.6
MinimumVisualStudioVersion = 10.0.40219.1
Project("{FAE04EC0-301F-11D3-BF4B-00C04F79EFBC}") = "OrderService.API", "OrderService.API\OrderService.API.csproj", "{96322330-AB9E-4117-8C1D-51E179C1E05A}"
EndProject
Project("{FAE04EC0-301F-11D3-BF4B-00C04F79EFBC}") = "OrderService.BusinessLogicLayer", "OrderService.BusinessLogicLayer\OrderService.BusinessLogicLayer.csproj", "{35BAC25D-23F4-4AEE-88F8-413C9F730FDF}"
EndProject
Project("{FAE04EC0-301F-11D3-BF4B-00C04F79EFBC}") = "OrderService.DataAccessLayer", "OrderService.DataAccessLayer\OrderService.DataAccessLayer.csproj", "{4A38B016-EF46-4484-B8D2-E575C9918735}"
EndProject
Project("{E53339B2-1760-4266-BCC7-CA923CBCF16C}") = "docker-compose", "docker-compose.dcproj", "{81DDED9D-158B-E303-5F62-77A2896D2A5A}"
EndProject
Project("{FAE04EC0-301F-11D3-BF4B-00C04F79EFBC}") = "OrderService.ApiGw", "OrderService.ApiGw\OrderService.ApiGw.csproj", "{3AC11109-9664-D9B3-EB87-96B6E24FAE1B}"
EndProject
Global
	GlobalSection(SolutionConfigurationPlatforms) = preSolution
		Debug|Any CPU = Debug|Any CPU
		Release|Any CPU = Release|Any CPU
	EndGlobalSection
	GlobalSection(ProjectConfigurationPlatforms) = postSolution
		{96322330-AB9E-4117-8C1D-51E179C1E05A}.Debug|Any CPU.ActiveCfg = Debug|Any CPU
		{96322330-AB9E-4117-8C1D-51E179C1E05A}.Debug|Any CPU.Build.0 = Debug|Any CPU
		{96322330-AB9E-4117-8C1D-51E179C1E05A}.Release|Any CPU.ActiveCfg = Release|Any CPU
		{96322330-AB9E-4117-8C1D-51E179C1E05A}.Release|Any CPU.Build.0 = Release|Any CPU
		{35BAC25D-23F4-4AEE-88F8-413C9F730FDF}.Debug|Any CPU.ActiveCfg = Debug|Any CPU
		{35BAC25D-23F4-4AEE-88F8-413C9F730FDF}.Debug|Any CPU.Build.0 = Debug|Any CPU
		{35BAC25D-23F4-4AEE-88F8-413C9F730FDF}.Release|Any CPU.ActiveCfg = Release|Any CPU
		{35BAC25D-23F4-4AEE-88F8-413C9F730FDF}.Release|Any CPU.Build.0 = Release|Any CPU
		{4A38B016-EF46-4484-B8D2-E575C9918735}.Debug|Any CPU.ActiveCfg = Debug|Any CPU
		{4A38B016-EF46-4484-B8D2-E575C9918735}.Debug|Any CPU.Build.0 = Debug|Any CPU
		{4A38B016-EF46-4484-B8D2-E575C9918735}.Release|Any CPU.ActiveCfg = Release|Any CPU
		{4A38B016-EF46-4484-B8D2-E575C9918735}.Release|Any CPU.Build.0 = Release|Any CPU
		{81DDED9D-158B-E303-5F62-77A2896D2A5A}.Debug|Any CPU.ActiveCfg = Debug|Any CPU
		{81DDED9D-158B-E303-5F62-77A2896D2A5A}.Debug|Any CPU.Build.0 = Debug|Any CPU
		{81DDED9D-158B-E303-5F62-77A2896D2A5A}.Release|Any CPU.ActiveCfg = Release|Any CPU
		{81DDED9D-158B-E303-5F62-77A2896D2A5A}.Release|Any CPU.Build.0 = Release|Any CPU
		{3AC11109-9664-D9B3-EB87-96B6E24FAE1B}.Debug|Any CPU.ActiveCfg = Debug|Any CPU
		{3AC11109-9664-D9B3-EB87-96B6E24FAE1B}.Debug|Any CPU.Build.0 = Debug|Any CPU
		{3AC11109-9664-D9B3-EB87-96B6E24FAE1B}.Release|Any CPU.ActiveCfg = Release|Any CPU
		{3AC11109-9664-D9B3-EB87-96B6E24FAE1B}.Release|Any CPU.Build.0 = Release|Any CPU
	EndGlobalSection
	GlobalSection(SolutionProperties) = preSolution
		HideSolutionNode = FALSE
	EndGlobalSection
	GlobalSection(ExtensibilityGlobals) = postSolution
		SolutionGuid = {F0F31D62-E3B8-4A91-BBA9-D2B1598E35F7}
	EndGlobalSection
EndGlobal
